PODS:
  - PromisesObjC (1.2.12)
  - PromisesSwift (1.2.12):
    - PromisesObjC (= 1.2.12)
  - Realm (10.24.0):
    - Realm/Headers (= 10.24.0)
  - Realm/Headers (10.24.0)
  - RealmSwift (10.24.0):
    - Realm (= 10.24.0)
  - SwiftKeychainWrapper (4.0.1)
  - SwiftyJSON (4.3.0)

DEPENDENCIES:
  - PromisesSwift (~> 1.2.6)
  - RealmSwift (~> 10.24.0)
  - SwiftKeychainWrapper (~> 4.0.1)
  - SwiftyJSON (~> 4.0)

SPEC REPOS:
  trunk:
    - PromisesObjC
    - PromisesSwift
    - Realm
    - RealmSwift
    - SwiftKeychainWrapper
    - SwiftyJSON

SPEC CHECKSUMS:
  PromisesObjC: 3113f7f76903778cf4a0586bd1ab89329a0b7b97
  PromisesSwift: 64085cf6e5fc1b5001f90cf31e87a1f1621fefee
  Realm: 5d6f84e3f65d4efa204d46b461e5bbbbbbf84c6c
  RealmSwift: 9022754b93fad23e1ffc950c93574c5b7899bd51
  SwiftKeychainWrapper: 807ba1d63c33a7d0613288512399cd1eda1e470c
  SwiftyJSON: 6faa0040f8b59dead0ee07436cbf76b73c08fd08

PODFILE CHECKSUM: aed3f83cb4234852afbbe523d2535c402e8efd51

COCOAPODS: 1.11.3
