{
  "object": {
    "pins": [
      {
        "package": "BSON",
        "repositoryURL": "https://github.com/OpenKitten/BSON.git",
        "state": {
          "branch": null,
          "revision": "98a2c90988895f1b985ed0066180995df995924c",
          "version": "7.0.28"
        }
      },
      {
        "package": "swift-nio",
        "repositoryURL": "https://github.com/apple/swift-nio.git",
        "state": {
          "branch": null,
          "revision": "213eb6887e526e0dfac526a2eae559a1893ebbac",
          "version": "2.36.0"
        }
      }
    ]
  },
  "version": 1
}
