// !$*UTF8*$!
{
	archiveVersion = 1;
	classes = {
	};
	objectVersion = 51;
	objects = {

/* Begin PBXBuildFile section */
		1A93CC99345C53A4D450C6D7 /* Pods_funky_radish.framework in Frameworks */ = {isa = PBXBuildFile; fileRef = 9189DDA363271AF31D2CA986 /* Pods_funky_radish.framework */; };
		4D063E124416B96AFAF87CE5 /* Pods_FunkyRadishTests.framework in Frameworks */ = {isa = PBXBuildFile; fileRef = BB64E4577B74D25797DEA44E /* Pods_FunkyRadishTests.framework */; };
		94F7CFC2257DB28B0079A422 /* ApiManager.swift in Sources */ = {isa = PBXBuildFile; fileRef = 94F7CFC1257DB28B0079A422 /* ApiManager.swift */; };
		CC184B5A2120A1A600603333 /* FunkyRadishTests.swift in Sources */ = {isa = PBXBuildFile; fileRef = CC184B592120A1A600603333 /* FunkyRadishTests.swift */; };
		CC2D5EE720FA937E0002FB73 /* BaseViewController.swift in Sources */ = {isa = PBXBuildFile; fileRef = CC2D5EE620FA937E0002FB73 /* BaseViewController.swift */; };
		CC3886292137519F00AFBB00 /* UserResponse.swift in Sources */ = {isa = PBXBuildFile; fileRef = CC3886282137519F00AFBB00 /* UserResponse.swift */; };
		CC4505F4213F3B0A0056ED3D /* SettingsViewController.swift in Sources */ = {isa = PBXBuildFile; fileRef = CC4505F3213F3B0A0056ED3D /* SettingsViewController.swift */; };
		CC4505F6214826850056ED3D /* Validation.swift in Sources */ = {isa = PBXBuildFile; fileRef = CC4505F5214826850056ED3D /* Validation.swift */; };
		CC4505F82148A6B20056ED3D /* LoadAnimationViewController.swift in Sources */ = {isa = PBXBuildFile; fileRef = CC4505F72148A6B20056ED3D /* LoadAnimationViewController.swift */; };
		CC6D92F42110E2000044C600 /* Ingredient.swift in Sources */ = {isa = PBXBuildFile; fileRef = CC6D92F32110E2000044C600 /* Ingredient.swift */; };
		CC6D92F62110E4130044C600 /* Direction.swift in Sources */ = {isa = PBXBuildFile; fileRef = CC6D92F52110E4130044C600 /* Direction.swift */; };
		CC6D92F82110E4430044C600 /* User.swift in Sources */ = {isa = PBXBuildFile; fileRef = CC6D92F72110E4430044C600 /* User.swift */; };
		CC6D92FA2110E56B0044C600 /* Recipe.swift in Sources */ = {isa = PBXBuildFile; fileRef = CC6D92F92110E56B0044C600 /* Recipe.swift */; };
		CC739D0C20F6CFF00031AAB2 /* RecipeSearchViewController.swift in Sources */ = {isa = PBXBuildFile; fileRef = CC739D0B20F6CFF00031AAB2 /* RecipeSearchViewController.swift */; };
		CC739D1220F84AF50031AAB2 /* RecipeViewController.swift in Sources */ = {isa = PBXBuildFile; fileRef = CC739D1120F84AF50031AAB2 /* RecipeViewController.swift */; };
		CC739D1520F926560031AAB2 /* StyleHelpers.swift in Sources */ = {isa = PBXBuildFile; fileRef = CC739D1420F926560031AAB2 /* StyleHelpers.swift */; };
		CC8177A720EBBF9900D02783 /* AppDelegate.swift in Sources */ = {isa = PBXBuildFile; fileRef = CC8177A620EBBF9900D02783 /* AppDelegate.swift */; };
		CC8177AC20EBBF9900D02783 /* Main.storyboard in Resources */ = {isa = PBXBuildFile; fileRef = CC8177AA20EBBF9900D02783 /* Main.storyboard */; };
		CC8177AE20EBBF9A00D02783 /* Assets.xcassets in Resources */ = {isa = PBXBuildFile; fileRef = CC8177AD20EBBF9A00D02783 /* Assets.xcassets */; };
		CC8177B120EBBF9A00D02783 /* LaunchScreen.storyboard in Resources */ = {isa = PBXBuildFile; fileRef = CC8177AF20EBBF9A00D02783 /* LaunchScreen.storyboard */; };
		CC8177BC20EBD56F00D02783 /* LogInViewController.swift in Sources */ = {isa = PBXBuildFile; fileRef = CC8177BB20EBD56F00D02783 /* LogInViewController.swift */; };
		CC8177BE20EBD8B000D02783 /* SignUpViewController.swift in Sources */ = {isa = PBXBuildFile; fileRef = CC8177BD20EBD8B000D02783 /* SignUpViewController.swift */; };
		CC8177C320EBE1FF00D02783 /* CustomNavigationController.swift in Sources */ = {isa = PBXBuildFile; fileRef = CC8177C220EBE1FF00D02783 /* CustomNavigationController.swift */; };
		CCE9CA6A23540D0D00038159 /* Constants.swift in Sources */ = {isa = PBXBuildFile; fileRef = CCE9CA6923540D0D00038159 /* Constants.swift */; };
		CCF221D221220CB100FD5C9E /* SwiftyJSON.framework in Frameworks */ = {isa = PBXBuildFile; fileRef = CCF221D121220CB100FD5C9E /* SwiftyJSON.framework */; };
		CCF221DC2128BD0F00FD5C9E /* Reachability.swift in Sources */ = {isa = PBXBuildFile; fileRef = CCF221DB2128BD0F00FD5C9E /* Reachability.swift */; };
		CCF2A1FC210A4E130027080F /* Realm.framework in Frameworks */ = {isa = PBXBuildFile; fileRef = CCF2A1FB210A4E130027080F /* Realm.framework */; };
		CCF2A1FE210A4E130027080F /* RealmSwift.framework in Frameworks */ = {isa = PBXBuildFile; fileRef = CCF2A1FD210A4E130027080F /* RealmSwift.framework */; };
		CCF2A200210A4E130027080F /* SwiftKeychainWrapper.framework in Frameworks */ = {isa = PBXBuildFile; fileRef = CCF2A1FF210A4E130027080F /* SwiftKeychainWrapper.framework */; };
		CCF9895221EFBE5400B33597 /* RealmManager.swift in Sources */ = {isa = PBXBuildFile; fileRef = CCF9895121EFBE5400B33597 /* RealmManager.swift */; };
/* End PBXBuildFile section */

/* Begin PBXContainerItemProxy section */
		CC184B5C2120A1A600603333 /* PBXContainerItemProxy */ = {
			isa = PBXContainerItemProxy;
			containerPortal = CC81779B20EBBF9900D02783 /* Project object */;
			proxyType = 1;
			remoteGlobalIDString = CC8177A220EBBF9900D02783;
			remoteInfo = "funky-radish";
		};
/* End PBXContainerItemProxy section */

/* Begin PBXFileReference section */
		047286B5500F32E00E6B2A78 /* Pods-FunkyRadishTests.debug.xcconfig */ = {isa = PBXFileReference; includeInIndex = 1; lastKnownFileType = text.xcconfig; name = "Pods-FunkyRadishTests.debug.xcconfig"; path = "Pods/Target Support Files/Pods-FunkyRadishTests/Pods-FunkyRadishTests.debug.xcconfig"; sourceTree = "<group>"; };
		2B0931440A4906A51D8BBCFF /* Pods-FunkyRadishTests.release.xcconfig */ = {isa = PBXFileReference; includeInIndex = 1; lastKnownFileType = text.xcconfig; name = "Pods-FunkyRadishTests.release.xcconfig"; path = "Pods/Target Support Files/Pods-FunkyRadishTests/Pods-FunkyRadishTests.release.xcconfig"; sourceTree = "<group>"; };
		9189DDA363271AF31D2CA986 /* Pods_funky_radish.framework */ = {isa = PBXFileReference; explicitFileType = wrapper.framework; includeInIndex = 0; path = Pods_funky_radish.framework; sourceTree = BUILT_PRODUCTS_DIR; };
		94F7CFC1257DB28B0079A422 /* ApiManager.swift */ = {isa = PBXFileReference; lastKnownFileType = sourcecode.swift; path = ApiManager.swift; sourceTree = "<group>"; };
		AD27E87458801B677AF03C41 /* Pods-funky-radish.debug.xcconfig */ = {isa = PBXFileReference; includeInIndex = 1; lastKnownFileType = text.xcconfig; name = "Pods-funky-radish.debug.xcconfig"; path = "Pods/Target Support Files/Pods-funky-radish/Pods-funky-radish.debug.xcconfig"; sourceTree = "<group>"; };
		B9E868050C94BE6F792BEA9F /* Pods-funky-radish.release.xcconfig */ = {isa = PBXFileReference; includeInIndex = 1; lastKnownFileType = text.xcconfig; name = "Pods-funky-radish.release.xcconfig"; path = "Pods/Target Support Files/Pods-funky-radish/Pods-funky-radish.release.xcconfig"; sourceTree = "<group>"; };
		BB64E4577B74D25797DEA44E /* Pods_FunkyRadishTests.framework */ = {isa = PBXFileReference; explicitFileType = wrapper.framework; includeInIndex = 0; path = Pods_FunkyRadishTests.framework; sourceTree = BUILT_PRODUCTS_DIR; };
		CC184B572120A1A600603333 /* FunkyRadishTests.xctest */ = {isa = PBXFileReference; explicitFileType = wrapper.cfbundle; includeInIndex = 0; path = FunkyRadishTests.xctest; sourceTree = BUILT_PRODUCTS_DIR; };
		CC184B592120A1A600603333 /* FunkyRadishTests.swift */ = {isa = PBXFileReference; lastKnownFileType = sourcecode.swift; path = FunkyRadishTests.swift; sourceTree = "<group>"; };
		CC184B5B2120A1A600603333 /* Info.plist */ = {isa = PBXFileReference; lastKnownFileType = text.plist.xml; path = Info.plist; sourceTree = "<group>"; };
		CC2D5EE620FA937E0002FB73 /* BaseViewController.swift */ = {isa = PBXFileReference; lastKnownFileType = sourcecode.swift; path = BaseViewController.swift; sourceTree = "<group>"; };
		CC3886282137519F00AFBB00 /* UserResponse.swift */ = {isa = PBXFileReference; lastKnownFileType = sourcecode.swift; path = UserResponse.swift; sourceTree = "<group>"; };
		CC4505F3213F3B0A0056ED3D /* SettingsViewController.swift */ = {isa = PBXFileReference; lastKnownFileType = sourcecode.swift; path = SettingsViewController.swift; sourceTree = "<group>"; };
		CC4505F5214826850056ED3D /* Validation.swift */ = {isa = PBXFileReference; lastKnownFileType = sourcecode.swift; path = Validation.swift; sourceTree = "<group>"; };
		CC4505F72148A6B20056ED3D /* LoadAnimationViewController.swift */ = {isa = PBXFileReference; lastKnownFileType = sourcecode.swift; path = LoadAnimationViewController.swift; sourceTree = "<group>"; };
		CC6D92F32110E2000044C600 /* Ingredient.swift */ = {isa = PBXFileReference; lastKnownFileType = sourcecode.swift; path = Ingredient.swift; sourceTree = "<group>"; };
		CC6D92F52110E4130044C600 /* Direction.swift */ = {isa = PBXFileReference; lastKnownFileType = sourcecode.swift; path = Direction.swift; sourceTree = "<group>"; };
		CC6D92F72110E4430044C600 /* User.swift */ = {isa = PBXFileReference; lastKnownFileType = sourcecode.swift; path = User.swift; sourceTree = "<group>"; };
		CC6D92F92110E56B0044C600 /* Recipe.swift */ = {isa = PBXFileReference; lastKnownFileType = sourcecode.swift; path = Recipe.swift; sourceTree = "<group>"; };
		CC739D0B20F6CFF00031AAB2 /* RecipeSearchViewController.swift */ = {isa = PBXFileReference; lastKnownFileType = sourcecode.swift; path = RecipeSearchViewController.swift; sourceTree = "<group>"; };
		CC739D1120F84AF50031AAB2 /* RecipeViewController.swift */ = {isa = PBXFileReference; lastKnownFileType = sourcecode.swift; path = RecipeViewController.swift; sourceTree = "<group>"; };
		CC739D1420F926560031AAB2 /* StyleHelpers.swift */ = {isa = PBXFileReference; lastKnownFileType = sourcecode.swift; path = StyleHelpers.swift; sourceTree = "<group>"; };
		CC79C5F1212206550019C189 /* Realm.framework */ = {isa = PBXFileReference; explicitFileType = wrapper.framework; path = Realm.framework; sourceTree = BUILT_PRODUCTS_DIR; };
		CC79C5F3212206580019C189 /* SwiftKeychainWrapper.framework */ = {isa = PBXFileReference; explicitFileType = wrapper.framework; path = SwiftKeychainWrapper.framework; sourceTree = BUILT_PRODUCTS_DIR; };
		CC79C5F52122065E0019C189 /* RealmSwift.framework */ = {isa = PBXFileReference; explicitFileType = wrapper.framework; path = RealmSwift.framework; sourceTree = BUILT_PRODUCTS_DIR; };
		CC79C5F7212206640019C189 /* SwiftyJSON.framework */ = {isa = PBXFileReference; explicitFileType = wrapper.framework; path = SwiftyJSON.framework; sourceTree = BUILT_PRODUCTS_DIR; };
		CC8177A320EBBF9900D02783 /* funky-radish.app */ = {isa = PBXFileReference; explicitFileType = wrapper.application; includeInIndex = 0; path = "funky-radish.app"; sourceTree = BUILT_PRODUCTS_DIR; };
		CC8177A620EBBF9900D02783 /* AppDelegate.swift */ = {isa = PBXFileReference; lastKnownFileType = sourcecode.swift; path = AppDelegate.swift; sourceTree = "<group>"; };
		CC8177AB20EBBF9900D02783 /* Base */ = {isa = PBXFileReference; lastKnownFileType = file.storyboard; name = Base; path = Base.lproj/Main.storyboard; sourceTree = "<group>"; };
		CC8177AD20EBBF9A00D02783 /* Assets.xcassets */ = {isa = PBXFileReference; lastKnownFileType = folder.assetcatalog; path = Assets.xcassets; sourceTree = "<group>"; };
		CC8177B020EBBF9A00D02783 /* Base */ = {isa = PBXFileReference; lastKnownFileType = file.storyboard; name = Base; path = Base.lproj/LaunchScreen.storyboard; sourceTree = "<group>"; };
		CC8177B220EBBF9A00D02783 /* Info.plist */ = {isa = PBXFileReference; lastKnownFileType = text.plist.xml; path = Info.plist; sourceTree = "<group>"; };
		CC8177BB20EBD56F00D02783 /* LogInViewController.swift */ = {isa = PBXFileReference; lastKnownFileType = sourcecode.swift; path = LogInViewController.swift; sourceTree = "<group>"; };
		CC8177BD20EBD8B000D02783 /* SignUpViewController.swift */ = {isa = PBXFileReference; lastKnownFileType = sourcecode.swift; path = SignUpViewController.swift; sourceTree = "<group>"; };
		CC8177C220EBE1FF00D02783 /* CustomNavigationController.swift */ = {isa = PBXFileReference; lastKnownFileType = sourcecode.swift; path = CustomNavigationController.swift; sourceTree = "<group>"; };
		CCE9CA6923540D0D00038159 /* Constants.swift */ = {isa = PBXFileReference; lastKnownFileType = sourcecode.swift; path = Constants.swift; sourceTree = "<group>"; };
		CCEB7A47210252530071A8B3 /* Realm.framework */ = {isa = PBXFileReference; explicitFileType = wrapper.framework; path = Realm.framework; sourceTree = BUILT_PRODUCTS_DIR; };
		CCEB7A492102525F0071A8B3 /* RealmSwift.framework */ = {isa = PBXFileReference; explicitFileType = wrapper.framework; path = RealmSwift.framework; sourceTree = BUILT_PRODUCTS_DIR; };
		CCF221D121220CB100FD5C9E /* SwiftyJSON.framework */ = {isa = PBXFileReference; explicitFileType = wrapper.framework; path = SwiftyJSON.framework; sourceTree = BUILT_PRODUCTS_DIR; };
		CCF221D521220CE900FD5C9E /* SwiftyJSON.framework */ = {isa = PBXFileReference; explicitFileType = wrapper.framework; path = SwiftyJSON.framework; sourceTree = BUILT_PRODUCTS_DIR; };
		CCF221DB2128BD0F00FD5C9E /* Reachability.swift */ = {isa = PBXFileReference; lastKnownFileType = sourcecode.swift; path = Reachability.swift; sourceTree = "<group>"; };
		CCF221DD212D056600FD5C9E /* DeepDiff.framework */ = {isa = PBXFileReference; explicitFileType = wrapper.framework; path = DeepDiff.framework; sourceTree = BUILT_PRODUCTS_DIR; };
		CCF2A1FB210A4E130027080F /* Realm.framework */ = {isa = PBXFileReference; explicitFileType = wrapper.framework; path = Realm.framework; sourceTree = BUILT_PRODUCTS_DIR; };
		CCF2A1FD210A4E130027080F /* RealmSwift.framework */ = {isa = PBXFileReference; explicitFileType = wrapper.framework; path = RealmSwift.framework; sourceTree = BUILT_PRODUCTS_DIR; };
		CCF2A1FF210A4E130027080F /* SwiftKeychainWrapper.framework */ = {isa = PBXFileReference; explicitFileType = wrapper.framework; path = SwiftKeychainWrapper.framework; sourceTree = BUILT_PRODUCTS_DIR; };
		CCF2A201210A4E130027080F /* SwiftyJSON.framework */ = {isa = PBXFileReference; explicitFileType = wrapper.framework; path = SwiftyJSON.framework; sourceTree = BUILT_PRODUCTS_DIR; };
		CCF9895121EFBE5400B33597 /* RealmManager.swift */ = {isa = PBXFileReference; lastKnownFileType = sourcecode.swift; path = RealmManager.swift; sourceTree = "<group>"; };
		CCF9895321F273DA00B33597 /* RealmSwift.framework */ = {isa = PBXFileReference; explicitFileType = wrapper.framework; path = RealmSwift.framework; sourceTree = BUILT_PRODUCTS_DIR; };
/* End PBXFileReference section */

/* Begin PBXFrameworksBuildPhase section */
		CC184B542120A1A600603333 /* Frameworks */ = {
			isa = PBXFrameworksBuildPhase;
			buildActionMask = 2147483647;
			files = (
				4D063E124416B96AFAF87CE5 /* Pods_FunkyRadishTests.framework in Frameworks */,
			);
			runOnlyForDeploymentPostprocessing = 0;
		};
		CC8177A020EBBF9900D02783 /* Frameworks */ = {
			isa = PBXFrameworksBuildPhase;
			buildActionMask = 2147483647;
			files = (
				CCF221D221220CB100FD5C9E /* SwiftyJSON.framework in Frameworks */,
				CCF2A1FC210A4E130027080F /* Realm.framework in Frameworks */,
				CCF2A1FE210A4E130027080F /* RealmSwift.framework in Frameworks */,
				CCF2A200210A4E130027080F /* SwiftKeychainWrapper.framework in Frameworks */,
				1A93CC99345C53A4D450C6D7 /* Pods_funky_radish.framework in Frameworks */,
			);
			runOnlyForDeploymentPostprocessing = 0;
		};
/* End PBXFrameworksBuildPhase section */

/* Begin PBXGroup section */
		6702C2AB1BF77CC901FF4828 /* Frameworks */ = {
			isa = PBXGroup;
			children = (
				CCF9895321F273DA00B33597 /* RealmSwift.framework */,
				CCF221DD212D056600FD5C9E /* DeepDiff.framework */,
				CCF221D521220CE900FD5C9E /* SwiftyJSON.framework */,
				CCF221D121220CB100FD5C9E /* SwiftyJSON.framework */,
				CC79C5F7212206640019C189 /* SwiftyJSON.framework */,
				CC79C5F52122065E0019C189 /* RealmSwift.framework */,
				CC79C5F3212206580019C189 /* SwiftKeychainWrapper.framework */,
				CC79C5F1212206550019C189 /* Realm.framework */,
				CCF2A1FB210A4E130027080F /* Realm.framework */,
				CCF2A1FD210A4E130027080F /* RealmSwift.framework */,
				CCF2A1FF210A4E130027080F /* SwiftKeychainWrapper.framework */,
				CCF2A201210A4E130027080F /* SwiftyJSON.framework */,
				CCEB7A492102525F0071A8B3 /* RealmSwift.framework */,
				CCEB7A47210252530071A8B3 /* Realm.framework */,
				BB64E4577B74D25797DEA44E /* Pods_FunkyRadishTests.framework */,
				9189DDA363271AF31D2CA986 /* Pods_funky_radish.framework */,
			);
			name = Frameworks;
			sourceTree = "<group>";
		};
		701283D96809F37654405C0B /* Pods */ = {
			isa = PBXGroup;
			children = (
				AD27E87458801B677AF03C41 /* Pods-funky-radish.debug.xcconfig */,
				B9E868050C94BE6F792BEA9F /* Pods-funky-radish.release.xcconfig */,
				047286B5500F32E00E6B2A78 /* Pods-FunkyRadishTests.debug.xcconfig */,
				2B0931440A4906A51D8BBCFF /* Pods-FunkyRadishTests.release.xcconfig */,
			);
			name = Pods;
			sourceTree = "<group>";
		};
		CC184B582120A1A600603333 /* FunkyRadishTests */ = {
			isa = PBXGroup;
			children = (
				CC184B592120A1A600603333 /* FunkyRadishTests.swift */,
				CC184B5B2120A1A600603333 /* Info.plist */,
			);
			path = FunkyRadishTests;
			sourceTree = "<group>";
		};
		CC6D92F0210A74CA0044C600 /* AuthControllers */ = {
			isa = PBXGroup;
			children = (
				CC8177BD20EBD8B000D02783 /* SignUpViewController.swift */,
				CC8177BB20EBD56F00D02783 /* LogInViewController.swift */,
			);
			path = AuthControllers;
			sourceTree = "<group>";
		};
		CC739D0E20F840610031AAB2 /* Controllers */ = {
			isa = PBXGroup;
			children = (
				CC8177C220EBE1FF00D02783 /* CustomNavigationController.swift */,
				CC4505F72148A6B20056ED3D /* LoadAnimationViewController.swift */,
				CC6D92F0210A74CA0044C600 /* AuthControllers */,
				CC2D5EE620FA937E0002FB73 /* BaseViewController.swift */,
				CC739D0B20F6CFF00031AAB2 /* RecipeSearchViewController.swift */,
				CC739D1120F84AF50031AAB2 /* RecipeViewController.swift */,
				CC4505F3213F3B0A0056ED3D /* SettingsViewController.swift */,
			);
			path = Controllers;
			sourceTree = "<group>";
		};
		CC739D0F20F8409F0031AAB2 /* Views */ = {
			isa = PBXGroup;
			children = (
				CC8177AA20EBBF9900D02783 /* Main.storyboard */,
			);
			path = Views;
			sourceTree = "<group>";
		};
		CC739D1020F840C10031AAB2 /* Models */ = {
			isa = PBXGroup;
			children = (
				CC6D92F32110E2000044C600 /* Ingredient.swift */,
				CC6D92F52110E4130044C600 /* Direction.swift */,
				CC6D92F72110E4430044C600 /* User.swift */,
				CC6D92F92110E56B0044C600 /* Recipe.swift */,
				CC3886282137519F00AFBB00 /* UserResponse.swift */,
				CCF9895121EFBE5400B33597 /* RealmManager.swift */,
			);
			path = Models;
			sourceTree = "<group>";
		};
		CC739D1320F8FA370031AAB2 /* Helpers */ = {
			isa = PBXGroup;
			children = (
				CC739D1420F926560031AAB2 /* StyleHelpers.swift */,
				CCF221DB2128BD0F00FD5C9E /* Reachability.swift */,
				CC4505F5214826850056ED3D /* Validation.swift */,
				94F7CFC1257DB28B0079A422 /* ApiManager.swift */,
			);
			path = Helpers;
			sourceTree = "<group>";
		};
		CC81779A20EBBF9900D02783 = {
			isa = PBXGroup;
			children = (
				CC8177A520EBBF9900D02783 /* funky-radish */,
				CC184B582120A1A600603333 /* FunkyRadishTests */,
				CC8177A420EBBF9900D02783 /* Products */,
				6702C2AB1BF77CC901FF4828 /* Frameworks */,
				701283D96809F37654405C0B /* Pods */,
			);
			sourceTree = "<group>";
		};
		CC8177A420EBBF9900D02783 /* Products */ = {
			isa = PBXGroup;
			children = (
				CC8177A320EBBF9900D02783 /* funky-radish.app */,
				CC184B572120A1A600603333 /* FunkyRadishTests.xctest */,
			);
			name = Products;
			sourceTree = "<group>";
		};
		CC8177A520EBBF9900D02783 /* funky-radish */ = {
			isa = PBXGroup;
			children = (
				CC739D1320F8FA370031AAB2 /* Helpers */,
				CC8177B220EBBF9A00D02783 /* Info.plist */,
				CC8177D220ED3BD500D02783 /* Supporting Files */,
				CC739D1020F840C10031AAB2 /* Models */,
				CC739D0F20F8409F0031AAB2 /* Views */,
				CC739D0E20F840610031AAB2 /* Controllers */,
			);
			path = "funky-radish";
			sourceTree = "<group>";
		};
		CC8177D220ED3BD500D02783 /* Supporting Files */ = {
			isa = PBXGroup;
			children = (
				CC8177AD20EBBF9A00D02783 /* Assets.xcassets */,
				CC8177A620EBBF9900D02783 /* AppDelegate.swift */,
				CC8177AF20EBBF9A00D02783 /* LaunchScreen.storyboard */,
				CCE9CA6923540D0D00038159 /* Constants.swift */,
			);
			path = "Supporting Files";
			sourceTree = "<group>";
		};
/* End PBXGroup section */

/* Begin PBXNativeTarget section */
		CC184B562120A1A600603333 /* FunkyRadishTests */ = {
			isa = PBXNativeTarget;
			buildConfigurationList = CC184B5E2120A1A600603333 /* Build configuration list for PBXNativeTarget "FunkyRadishTests" */;
			buildPhases = (
				13710A6D9F128A0E0689638C /* [CP] Check Pods Manifest.lock */,
				CC184B532120A1A600603333 /* Sources */,
				CC184B542120A1A600603333 /* Frameworks */,
				CC184B552120A1A600603333 /* Resources */,
			);
			buildRules = (
			);
			dependencies = (
				CC184B5D2120A1A600603333 /* PBXTargetDependency */,
			);
			name = FunkyRadishTests;
			productName = FunkyRadishTests;
			productReference = CC184B572120A1A600603333 /* FunkyRadishTests.xctest */;
			productType = "com.apple.product-type.bundle.unit-test";
		};
		CC8177A220EBBF9900D02783 /* funky-radish */ = {
			isa = PBXNativeTarget;
			buildConfigurationList = CC8177B520EBBF9A00D02783 /* Build configuration list for PBXNativeTarget "funky-radish" */;
			buildPhases = (
				FE0A75BC6055727AD36E4014 /* [CP] Check Pods Manifest.lock */,
				CC81779F20EBBF9900D02783 /* Sources */,
				CC8177A020EBBF9900D02783 /* Frameworks */,
				CC8177A120EBBF9900D02783 /* Resources */,
				AA37E59EC4E1341A64C883C8 /* [CP] Embed Pods Frameworks */,
			);
			buildRules = (
			);
			dependencies = (
			);
			name = "funky-radish";
			productName = "funky-radish";
			productReference = CC8177A320EBBF9900D02783 /* funky-radish.app */;
			productType = "com.apple.product-type.application";
		};
/* End PBXNativeTarget section */

/* Begin PBXProject section */
		CC81779B20EBBF9900D02783 /* Project object */ = {
			isa = PBXProject;
			attributes = {
				LastSwiftUpdateCheck = 0930;
				LastUpgradeCheck = 1230;
				ORGANIZATIONNAME = kayso;
				TargetAttributes = {
					CC184B562120A1A600603333 = {
						CreatedOnToolsVersion = 9.3.1;
						TestTargetID = CC8177A220EBBF9900D02783;
					};
					CC8177A220EBBF9900D02783 = {
						CreatedOnToolsVersion = 9.3.1;
						LastSwiftMigration = 1020;
					};
				};
			};
			buildConfigurationList = CC81779E20EBBF9900D02783 /* Build configuration list for PBXProject "funky-radish" */;
			compatibilityVersion = "Xcode 9.3";
			developmentRegion = en;
			hasScannedForEncodings = 0;
			knownRegions = (
				en,
				Base,
			);
			mainGroup = CC81779A20EBBF9900D02783;
			productRefGroup = CC8177A420EBBF9900D02783 /* Products */;
			projectDirPath = "";
			projectRoot = "";
			targets = (
				CC8177A220EBBF9900D02783 /* funky-radish */,
				CC184B562120A1A600603333 /* FunkyRadishTests */,
			);
		};
/* End PBXProject section */

/* Begin PBXResourcesBuildPhase section */
		CC184B552120A1A600603333 /* Resources */ = {
			isa = PBXResourcesBuildPhase;
			buildActionMask = 2147483647;
			files = (
			);
			runOnlyForDeploymentPostprocessing = 0;
		};
		CC8177A120EBBF9900D02783 /* Resources */ = {
			isa = PBXResourcesBuildPhase;
			buildActionMask = 2147483647;
			files = (
				CC8177B120EBBF9A00D02783 /* LaunchScreen.storyboard in Resources */,
				CC8177AE20EBBF9A00D02783 /* Assets.xcassets in Resources */,
				CC8177AC20EBBF9900D02783 /* Main.storyboard in Resources */,
			);
			runOnlyForDeploymentPostprocessing = 0;
		};
/* End PBXResourcesBuildPhase section */

/* Begin PBXShellScriptBuildPhase section */
		13710A6D9F128A0E0689638C /* [CP] Check Pods Manifest.lock */ = {
			isa = PBXShellScriptBuildPhase;
			buildActionMask = 2147483647;
			files = (
			);
			inputFileListPaths = (
			);
			inputPaths = (
				"${PODS_PODFILE_DIR_PATH}/Podfile.lock",
				"${PODS_ROOT}/Manifest.lock",
			);
			name = "[CP] Check Pods Manifest.lock";
			outputFileListPaths = (
			);
			outputPaths = (
				"$(DERIVED_FILE_DIR)/Pods-FunkyRadishTests-checkManifestLockResult.txt",
			);
			runOnlyForDeploymentPostprocessing = 0;
			shellPath = /bin/sh;
			shellScript = "diff \"${PODS_PODFILE_DIR_PATH}/Podfile.lock\" \"${PODS_ROOT}/Manifest.lock\" > /dev/null\nif [ $? != 0 ] ; then\n    # print error to STDERR\n    echo \"error: The sandbox is not in sync with the Podfile.lock. Run 'pod install' or update your CocoaPods installation.\" >&2\n    exit 1\nfi\n# This output is used by Xcode 'outputs' to avoid re-running this script phase.\necho \"SUCCESS\" > \"${SCRIPT_OUTPUT_FILE_0}\"\n";
			showEnvVarsInLog = 0;
		};
		AA37E59EC4E1341A64C883C8 /* [CP] Embed Pods Frameworks */ = {
			isa = PBXShellScriptBuildPhase;
			buildActionMask = 2147483647;
			files = (
			);
			inputFileListPaths = (
				"${PODS_ROOT}/Target Support Files/Pods-funky-radish/Pods-funky-radish-frameworks-${CONFIGURATION}-input-files.xcfilelist",
			);
			name = "[CP] Embed Pods Frameworks";
			outputFileListPaths = (
				"${PODS_ROOT}/Target Support Files/Pods-funky-radish/Pods-funky-radish-frameworks-${CONFIGURATION}-output-files.xcfilelist",
			);
			runOnlyForDeploymentPostprocessing = 0;
			shellPath = /bin/sh;
			shellScript = "\"${PODS_ROOT}/Target Support Files/Pods-funky-radish/Pods-funky-radish-frameworks.sh\"\n";
			showEnvVarsInLog = 0;
		};
		FE0A75BC6055727AD36E4014 /* [CP] Check Pods Manifest.lock */ = {
			isa = PBXShellScriptBuildPhase;
			buildActionMask = 2147483647;
			files = (
			);
			inputPaths = (
				"${PODS_PODFILE_DIR_PATH}/Podfile.lock",
				"${PODS_ROOT}/Manifest.lock",
			);
			name = "[CP] Check Pods Manifest.lock";
			outputPaths = (
				"$(DERIVED_FILE_DIR)/Pods-funky-radish-checkManifestLockResult.txt",
			);
			runOnlyForDeploymentPostprocessing = 0;
			shellPath = /bin/sh;
			shellScript = "diff \"${PODS_PODFILE_DIR_PATH}/Podfile.lock\" \"${PODS_ROOT}/Manifest.lock\" > /dev/null\nif [ $? != 0 ] ; then\n    # print error to STDERR\n    echo \"error: The sandbox is not in sync with the Podfile.lock. Run 'pod install' or update your CocoaPods installation.\" >&2\n    exit 1\nfi\n# This output is used by Xcode 'outputs' to avoid re-running this script phase.\necho \"SUCCESS\" > \"${SCRIPT_OUTPUT_FILE_0}\"\n";
			showEnvVarsInLog = 0;
		};
/* End PBXShellScriptBuildPhase section */

/* Begin PBXSourcesBuildPhase section */
		CC184B532120A1A600603333 /* Sources */ = {
			isa = PBXSourcesBuildPhase;
			buildActionMask = 2147483647;
			files = (
				CC184B5A2120A1A600603333 /* FunkyRadishTests.swift in Sources */,
			);
			runOnlyForDeploymentPostprocessing = 0;
		};
		CC81779F20EBBF9900D02783 /* Sources */ = {
			isa = PBXSourcesBuildPhase;
			buildActionMask = 2147483647;
			files = (
				CC6D92F42110E2000044C600 /* Ingredient.swift in Sources */,
				CC4505F4213F3B0A0056ED3D /* SettingsViewController.swift in Sources */,
				CC6D92F82110E4430044C600 /* User.swift in Sources */,
				CC739D1520F926560031AAB2 /* StyleHelpers.swift in Sources */,
				CC8177C320EBE1FF00D02783 /* CustomNavigationController.swift in Sources */,
				CC8177A720EBBF9900D02783 /* AppDelegate.swift in Sources */,
				CC6D92F62110E4130044C600 /* Direction.swift in Sources */,
				CC8177BE20EBD8B000D02783 /* SignUpViewController.swift in Sources */,
				CC2D5EE720FA937E0002FB73 /* BaseViewController.swift in Sources */,
				CCE9CA6A23540D0D00038159 /* Constants.swift in Sources */,
				94F7CFC2257DB28B0079A422 /* ApiManager.swift in Sources */,
				CC4505F6214826850056ED3D /* Validation.swift in Sources */,
				CC739D1220F84AF50031AAB2 /* RecipeViewController.swift in Sources */,
				CC8177BC20EBD56F00D02783 /* LogInViewController.swift in Sources */,
				CCF221DC2128BD0F00FD5C9E /* Reachability.swift in Sources */,
				CC739D0C20F6CFF00031AAB2 /* RecipeSearchViewController.swift in Sources */,
				CC6D92FA2110E56B0044C600 /* Recipe.swift in Sources */,
				CCF9895221EFBE5400B33597 /* RealmManager.swift in Sources */,
				CC3886292137519F00AFBB00 /* UserResponse.swift in Sources */,
				CC4505F82148A6B20056ED3D /* LoadAnimationViewController.swift in Sources */,
			);
			runOnlyForDeploymentPostprocessing = 0;
		};
/* End PBXSourcesBuildPhase section */

/* Begin PBXTargetDependency section */
		CC184B5D2120A1A600603333 /* PBXTargetDependency */ = {
			isa = PBXTargetDependency;
			target = CC8177A220EBBF9900D02783 /* funky-radish */;
			targetProxy = CC184B5C2120A1A600603333 /* PBXContainerItemProxy */;
		};
/* End PBXTargetDependency section */

/* Begin PBXVariantGroup section */
		CC8177AA20EBBF9900D02783 /* Main.storyboard */ = {
			isa = PBXVariantGroup;
			children = (
				CC8177AB20EBBF9900D02783 /* Base */,
			);
			name = Main.storyboard;
			sourceTree = "<group>";
		};
		CC8177AF20EBBF9A00D02783 /* LaunchScreen.storyboard */ = {
			isa = PBXVariantGroup;
			children = (
				CC8177B020EBBF9A00D02783 /* Base */,
			);
			name = LaunchScreen.storyboard;
			sourceTree = "<group>";
		};
/* End PBXVariantGroup section */

/* Begin XCBuildConfiguration section */
		CC184B5F2120A1A600603333 /* Debug */ = {
			isa = XCBuildConfiguration;
			baseConfigurationReference = 047286B5500F32E00E6B2A78 /* Pods-FunkyRadishTests.debug.xcconfig */;
			buildSettings = {
				ALWAYS_EMBED_SWIFT_STANDARD_LIBRARIES = YES;
				BUNDLE_LOADER = "$(TEST_HOST)";
				CODE_SIGN_STYLE = Automatic;
				DEVELOPMENT_TEAM = P4KPPF3X57;
				EMBED_ASSET_PACKS_IN_PRODUCT_BUNDLE = YES;
				ENABLE_ON_DEMAND_RESOURCES = NO;
				INFOPLIST_FILE = FunkyRadishTests/Info.plist;
				IPHONEOS_DEPLOYMENT_TARGET = 12.0;
				LD_RUNPATH_SEARCH_PATHS = (
					"$(inherited)",
					"@executable_path/Frameworks",
					"@loader_path/Frameworks",
				);
				PRODUCT_BUNDLE_IDENTIFIER = kayso.FunkyRadishTests;
				PRODUCT_NAME = FunkyRadishTests;
				SCAN_ALL_SOURCE_FILES_FOR_INCLUDES = YES;
				SKIP_INSTALL = NO;
				SWIFT_REFLECTION_METADATA_LEVEL = none;
				SWIFT_VERSION = 4.0;
				TARGETED_DEVICE_FAMILY = "1,2";
				TEST_HOST = "$(BUILT_PRODUCTS_DIR)/funky-radish.app/funky-radish";
			};
			name = Debug;
		};
		CC184B602120A1A600603333 /* Release */ = {
			isa = XCBuildConfiguration;
			baseConfigurationReference = 2B0931440A4906A51D8BBCFF /* Pods-FunkyRadishTests.release.xcconfig */;
			buildSettings = {
				ALWAYS_EMBED_SWIFT_STANDARD_LIBRARIES = YES;
				BUNDLE_LOADER = "$(TEST_HOST)";
				CODE_SIGN_STYLE = Automatic;
				DEVELOPMENT_TEAM = P4KPPF3X57;
				EMBED_ASSET_PACKS_IN_PRODUCT_BUNDLE = YES;
				ENABLE_ON_DEMAND_RESOURCES = NO;
				ENABLE_TESTABILITY = YES;
				INFOPLIST_FILE = FunkyRadishTests/Info.plist;
				IPHONEOS_DEPLOYMENT_TARGET = 12.0;
				LD_RUNPATH_SEARCH_PATHS = (
					"$(inherited)",
					"@executable_path/Frameworks",
					"@loader_path/Frameworks",
				);
				PRODUCT_BUNDLE_IDENTIFIER = kayso.FunkyRadishTests;
				PRODUCT_NAME = FunkyRadishTests;
				SCAN_ALL_SOURCE_FILES_FOR_INCLUDES = YES;
				SKIP_INSTALL = NO;
				SWIFT_REFLECTION_METADATA_LEVEL = none;
				SWIFT_VERSION = 4.0;
				TARGETED_DEVICE_FAMILY = "1,2";
				TEST_HOST = "$(BUILT_PRODUCTS_DIR)/funky-radish.app/funky-radish";
			};
			name = Release;
		};
		CC8177B320EBBF9A00D02783 /* Debug */ = {
			isa = XCBuildConfiguration;
			buildSettings = {
				ALWAYS_SEARCH_USER_PATHS = NO;
				CLANG_ANALYZER_NONNULL = YES;
				CLANG_ANALYZER_NUMBER_OBJECT_CONVERSION = YES_AGGRESSIVE;
				CLANG_CXX_LANGUAGE_STANDARD = "gnu++14";
				CLANG_CXX_LIBRARY = "libc++";
				CLANG_ENABLE_MODULES = YES;
				CLANG_ENABLE_OBJC_ARC = YES;
				CLANG_ENABLE_OBJC_WEAK = YES;
				CLANG_WARN_BLOCK_CAPTURE_AUTORELEASING = YES;
				CLANG_WARN_BOOL_CONVERSION = YES;
				CLANG_WARN_COMMA = YES;
				CLANG_WARN_CONSTANT_CONVERSION = YES;
				CLANG_WARN_DEPRECATED_OBJC_IMPLEMENTATIONS = YES;
				CLANG_WARN_DIRECT_OBJC_ISA_USAGE = YES_ERROR;
				CLANG_WARN_DOCUMENTATION_COMMENTS = YES;
				CLANG_WARN_EMPTY_BODY = YES;
				CLANG_WARN_ENUM_CONVERSION = YES;
				CLANG_WARN_INFINITE_RECURSION = YES;
				CLANG_WARN_INT_CONVERSION = YES;
				CLANG_WARN_NON_LITERAL_NULL_CONVERSION = YES;
				CLANG_WARN_OBJC_IMPLICIT_RETAIN_SELF = YES;
				CLANG_WARN_OBJC_LITERAL_CONVERSION = YES;
				CLANG_WARN_OBJC_ROOT_CLASS = YES_ERROR;
				CLANG_WARN_QUOTED_INCLUDE_IN_FRAMEWORK_HEADER = YES;
				CLANG_WARN_RANGE_LOOP_ANALYSIS = YES;
				CLANG_WARN_STRICT_PROTOTYPES = YES;
				CLANG_WARN_SUSPICIOUS_MOVE = YES;
				CLANG_WARN_UNGUARDED_AVAILABILITY = YES_AGGRESSIVE;
				CLANG_WARN_UNREACHABLE_CODE = YES;
				CLANG_WARN__DUPLICATE_METHOD_MATCH = YES;
				CODE_SIGN_IDENTITY = "iPhone Developer";
				COPY_PHASE_STRIP = NO;
				DEBUG_INFORMATION_FORMAT = dwarf;
				ENABLE_STRICT_OBJC_MSGSEND = YES;
				ENABLE_TESTABILITY = YES;
				GCC_C_LANGUAGE_STANDARD = gnu11;
				GCC_DYNAMIC_NO_PIC = NO;
				GCC_NO_COMMON_BLOCKS = YES;
				GCC_OPTIMIZATION_LEVEL = 0;
				GCC_PREPROCESSOR_DEFINITIONS = (
					"DEBUG=1",
					"$(inherited)",
				);
				GCC_WARN_64_TO_32_BIT_CONVERSION = YES;
				GCC_WARN_ABOUT_RETURN_TYPE = YES_ERROR;
				GCC_WARN_UNDECLARED_SELECTOR = YES;
				GCC_WARN_UNINITIALIZED_AUTOS = YES_AGGRESSIVE;
				GCC_WARN_UNUSED_FUNCTION = YES;
				GCC_WARN_UNUSED_VARIABLE = YES;
				IPHONEOS_DEPLOYMENT_TARGET = 12.0;
				MTL_ENABLE_DEBUG_INFO = YES;
				ONLY_ACTIVE_ARCH = YES;
				SDKROOT = iphoneos;
				SWIFT_ACTIVE_COMPILATION_CONDITIONS = DEBUG;
				SWIFT_OPTIMIZATION_LEVEL = "-Onone";
			};
			name = Debug;
		};
		CC8177B420EBBF9A00D02783 /* Release */ = {
			isa = XCBuildConfiguration;
			buildSettings = {
				ALWAYS_SEARCH_USER_PATHS = NO;
				CLANG_ANALYZER_NONNULL = YES;
				CLANG_ANALYZER_NUMBER_OBJECT_CONVERSION = YES_AGGRESSIVE;
				CLANG_CXX_LANGUAGE_STANDARD = "gnu++14";
				CLANG_CXX_LIBRARY = "libc++";
				CLANG_ENABLE_MODULES = YES;
				CLANG_ENABLE_OBJC_ARC = YES;
				CLANG_ENABLE_OBJC_WEAK = YES;
				CLANG_WARN_BLOCK_CAPTURE_AUTORELEASING = YES;
				CLANG_WARN_BOOL_CONVERSION = YES;
				CLANG_WARN_COMMA = YES;
				CLANG_WARN_CONSTANT_CONVERSION = YES;
				CLANG_WARN_DEPRECATED_OBJC_IMPLEMENTATIONS = YES;
				CLANG_WARN_DIRECT_OBJC_ISA_USAGE = YES_ERROR;
				CLANG_WARN_DOCUMENTATION_COMMENTS = YES;
				CLANG_WARN_EMPTY_BODY = YES;
				CLANG_WARN_ENUM_CONVERSION = YES;
				CLANG_WARN_INFINITE_RECURSION = YES;
				CLANG_WARN_INT_CONVERSION = YES;
				CLANG_WARN_NON_LITERAL_NULL_CONVERSION = YES;
				CLANG_WARN_OBJC_IMPLICIT_RETAIN_SELF = YES;
				CLANG_WARN_OBJC_LITERAL_CONVERSION = YES;
				CLANG_WARN_OBJC_ROOT_CLASS = YES_ERROR;
				CLANG_WARN_QUOTED_INCLUDE_IN_FRAMEWORK_HEADER = YES;
				CLANG_WARN_RANGE_LOOP_ANALYSIS = YES;
				CLANG_WARN_STRICT_PROTOTYPES = YES;
				CLANG_WARN_SUSPICIOUS_MOVE = YES;
				CLANG_WARN_UNGUARDED_AVAILABILITY = YES_AGGRESSIVE;
				CLANG_WARN_UNREACHABLE_CODE = YES;
				CLANG_WARN__DUPLICATE_METHOD_MATCH = YES;
				CODE_SIGN_IDENTITY = "iPhone Developer";
				COPY_PHASE_STRIP = NO;
				DEBUG_INFORMATION_FORMAT = "dwarf-with-dsym";
				ENABLE_NS_ASSERTIONS = NO;
				ENABLE_STRICT_OBJC_MSGSEND = YES;
				GCC_C_LANGUAGE_STANDARD = gnu11;
				GCC_NO_COMMON_BLOCKS = YES;
				GCC_WARN_64_TO_32_BIT_CONVERSION = YES;
				GCC_WARN_ABOUT_RETURN_TYPE = YES_ERROR;
				GCC_WARN_UNDECLARED_SELECTOR = YES;
				GCC_WARN_UNINITIALIZED_AUTOS = YES_AGGRESSIVE;
				GCC_WARN_UNUSED_FUNCTION = YES;
				GCC_WARN_UNUSED_VARIABLE = YES;
				IPHONEOS_DEPLOYMENT_TARGET = 12.0;
				MTL_ENABLE_DEBUG_INFO = NO;
				SDKROOT = iphoneos;
				SWIFT_COMPILATION_MODE = wholemodule;
				SWIFT_OPTIMIZATION_LEVEL = "-O";
				VALIDATE_PRODUCT = YES;
			};
			name = Release;
		};
		CC8177B620EBBF9A00D02783 /* Debug */ = {
			isa = XCBuildConfiguration;
			baseConfigurationReference = AD27E87458801B677AF03C41 /* Pods-funky-radish.debug.xcconfig */;
			buildSettings = {
				ASSETCATALOG_COMPILER_APPICON_NAME = AppIcon;
				CODE_SIGN_STYLE = Automatic;
				CURRENT_PROJECT_VERSION = 11;
				DEVELOPMENT_TEAM = P4KPPF3X57;
				EMBED_ASSET_PACKS_IN_PRODUCT_BUNDLE = YES;
				ENABLE_ON_DEMAND_RESOURCES = NO;
				INFOPLIST_FILE = "funky-radish/Info.plist";
				IPHONEOS_DEPLOYMENT_TARGET = 12.0;
				LD_RUNPATH_SEARCH_PATHS = (
					"$(inherited)",
					"@executable_path/Frameworks",
				);
				MARKETING_VERSION = 1.8.9;
				PRODUCT_BUNDLE_IDENTIFIER = "com.scolobey.funky-radish";
				PRODUCT_NAME = "$(TARGET_NAME)";
				SWIFT_VERSION = 5.0;
				TARGETED_DEVICE_FAMILY = "1,2";
			};
			name = Debug;
		};
		CC8177B720EBBF9A00D02783 /* Release */ = {
			isa = XCBuildConfiguration;
			baseConfigurationReference = B9E868050C94BE6F792BEA9F /* Pods-funky-radish.release.xcconfig */;
			buildSettings = {
				ASSETCATALOG_COMPILER_APPICON_NAME = AppIcon;
				CODE_SIGN_STYLE = Automatic;
				CURRENT_PROJECT_VERSION = 11;
				DEVELOPMENT_TEAM = P4KPPF3X57;
				EMBED_ASSET_PACKS_IN_PRODUCT_BUNDLE = YES;
				ENABLE_ON_DEMAND_RESOURCES = NO;
				ENABLE_TESTABILITY = YES;
				INFOPLIST_FILE = "funky-radish/Info.plist";
				IPHONEOS_DEPLOYMENT_TARGET = 12.0;
				LD_RUNPATH_SEARCH_PATHS = (
					"$(inherited)",
					"@executable_path/Frameworks",
				);
				MARKETING_VERSION = 1.8.9;
				PRODUCT_BUNDLE_IDENTIFIER = "com.scolobey.funky-radish";
				PRODUCT_NAME = "$(TARGET_NAME)";
				SWIFT_VERSION = 5.0;
				TARGETED_DEVICE_FAMILY = "1,2";
			};
			name = Release;
		};
/* End XCBuildConfiguration section */

/* Begin XCConfigurationList section */
		CC184B5E2120A1A600603333 /* Build configuration list for PBXNativeTarget "FunkyRadishTests" */ = {
			isa = XCConfigurationList;
			buildConfigurations = (
				CC184B5F2120A1A600603333 /* Debug */,
				CC184B602120A1A600603333 /* Release */,
			);
			defaultConfigurationIsVisible = 0;
			defaultConfigurationName = Release;
		};
		CC81779E20EBBF9900D02783 /* Build configuration list for PBXProject "funky-radish" */ = {
			isa = XCConfigurationList;
			buildConfigurations = (
				CC8177B320EBBF9A00D02783 /* Debug */,
				CC8177B420EBBF9A00D02783 /* Release */,
			);
			defaultConfigurationIsVisible = 0;
			defaultConfigurationName = Release;
		};
		CC8177B520EBBF9A00D02783 /* Build configuration list for PBXNativeTarget "funky-radish" */ = {
			isa = XCConfigurationList;
			buildConfigurations = (
				CC8177B620EBBF9A00D02783 /* Debug */,
				CC8177B720EBBF9A00D02783 /* Release */,
			);
			defaultConfigurationIsVisible = 0;
			defaultConfigurationName = Release;
		};
/* End XCConfigurationList section */
	};
	rootObject = CC81779B20EBBF9900D02783 /* Project object */;
}
